
Microsoft Visual Studio Solution File, Format Version 12.00
# Visual Studio Version 17
VisualStudioVersion = 17.8.34511.84
MinimumVisualStudioVersion = 10.0.40219.1
Project("{FAE04EC0-301F-11D3-BF4B-00C04F79EFBC}") = "Testar Klasser", "Testar Klasser\Testar Klasser.csproj", "{3406C434-7BE9-49D6-A899-B0129915B801}"
EndProject
Global
	GlobalSection(SolutionConfigurationPlatforms) = preSolution
		Debug|Any CPU = Debug|Any CPU
		Release|Any CPU = Release|Any CPU
	EndGlobalSection
	GlobalSection(ProjectConfigurationPlatforms) = postSolution
		{3406C434-7BE9-49D6-A899-B0129915B801}.Debug|Any CPU.ActiveCfg = Debug|Any CPU
		{3406C434-7BE9-49D6-A899-B0129915B801}.Debug|Any CPU.Build.0 = Debug|Any CPU
		{3406C434-7BE9-49D6-A899-B0129915B801}.Release|Any CPU.ActiveCfg = Release|Any CPU
		{3406C434-7BE9-49D6-A899-B0129915B801}.Release|Any CPU.Build.0 = Release|Any CPU
	EndGlobalSection
	GlobalSection(SolutionProperties) = preSolution
		HideSolutionNode = FALSE
	EndGlobalSection
	GlobalSection(ExtensibilityGlobals) = postSolution
		SolutionGuid = {861CD1F3-7C33-4FA8-9563-7976C1437CFD}
	EndGlobalSection
EndGlobal
